<?xml version="1.0" encoding="utf-8"?>
<Project ToolsVersion="4.0" xmlns="http://schemas.microsoft.com/developer/msbuild/2003">
  <ItemGroup>
    <Filter Include="Source Files">
      <UniqueIdentifier>{4FC737F1-C7A5-4376-A066-2A32D752A2FF}</UniqueIdentifier>
      <Extensions>cpp;c;cc;cxx;def;odl;idl;hpj;bat;asm;asmx</Extensions>
    </Filter>
    <Filter Include="Header Files">
      <UniqueIdentifier>{93995380-89BD-4b04-88EB-625FBE52EBFB}</UniqueIdentifier>
      <Extensions>h;hh;hpp;hxx;hm;inl;inc;xsd</Extensions>
    </Filter>
    <Filter Include="Resource Files">
      <UniqueIdentifier>{67DA6AB6-F800-4c08-8B7A-83BB121AAD01}</UniqueIdentifier>
      <Extensions>rc;ico;cur;bmp;dlg;rc2;rct;bin;rgs;gif;jpg;jpeg;jpe;resx;tiff;tif;png;wav;mfcribbon-ms</Extensions>
    </Filter>
    <Filter Include="Source Files\Database">
      <UniqueIdentifier>{093c2039-0413-4bb9-8e19-91f48315b26c}</UniqueIdentifier>
    </Filter>
  </ItemGroup>
  <ItemGroup>
    <ClInclude Include="Database\Database.h">
      <Filter>Source Files\Database</Filter>
    </ClInclude>
    <ClInclude Include="Database\DbField.h">
      <Filter>Source Files\Database</Filter>
    </ClInclude>
    <ClInclude Include="Database\QueryObjects.h">
      <Filter>Source Files\Database</Filter>
    </ClInclude>
    <ClInclude Include="Database\QueryResult.h">
      <Filter>Source Files\Database</Filter>
    </ClInclude>
    <ClInclude Include="Database\SafeQueue.h">
      <Filter>Source Files\Database</Filter>
    </ClInclude>
    <ClInclude Include="Defines\Common.h">
      <Filter>Header Files</Filter>
    </ClInclude>
    <ClInclude Include="Defines\ItemTemplate.h">
      <Filter>Header Files</Filter>
    </ClInclude>
  </ItemGroup>
  <ItemGroup>
    <ClCompile Include="ReplayCore.cpp">
      <Filter>Source Files</Filter>
    </ClCompile>
    <ClCompile Include="Database\Database.cpp">
      <Filter>Source Files\Database</Filter>
    </ClCompile>
    <ClCompile Include="Database\DbField.cpp">
      <Filter>Source Files\Database</Filter>
    </ClCompile>
    <ClCompile Include="Database\QueryObject.cpp">
      <Filter>Source Files\Database</Filter>
    </ClCompile>
    <ClCompile Include="Database\QueryResult.cpp">
      <Filter>Source Files\Database</Filter>
    </ClCompile>
  </ItemGroup>
</Project>