<?xml version="1.0" encoding="utf-8"?>
<Project ToolsVersion="4.0" xmlns="http://schemas.microsoft.com/developer/msbuild/2003">
  <ItemGroup>
    <ClCompile Include="Database\Database.cpp">
      <Filter>Database</Filter>
    </ClCompile>
    <ClCompile Include="Database\DbField.cpp">
      <Filter>Database</Filter>
    </ClCompile>
    <ClCompile Include="Database\QueryObject.cpp">
      <Filter>Database</Filter>
    </ClCompile>
    <ClCompile Include="Database\QueryResult.cpp">
      <Filter>Database</Filter>
    </ClCompile>
    <ClCompile Include="main.cpp" />
    <ClCompile Include="Auth\AuthServer.cpp">
      <Filter>Auth</Filter>
    </ClCompile>
    <ClCompile Include="Crypto\AuthCrypt.cpp">
      <Filter>Crypto</Filter>
    </ClCompile>
    <ClCompile Include="Crypto\BigNumber.cpp">
      <Filter>Crypto</Filter>
    </ClCompile>
    <ClCompile Include="Crypto\Hmac.cpp">
      <Filter>Crypto</Filter>
    </ClCompile>
    <ClCompile Include="Crypto\Sha1.cpp">
      <Filter>Crypto</Filter>
    </ClCompile>
    <ClCompile Include="World\WorldServer.cpp">
      <Filter>World</Filter>
    </ClCompile>
    <ClCompile Include="World\Opcodes.cpp">
      <Filter>World</Filter>
    </ClCompile>
    <ClCompile Include="World\ObjectGuid.cpp">
      <Filter>World</Filter>
    </ClCompile>
    <ClCompile Include="World\ReplayMgr.cpp">
      <Filter>World</Filter>
    </ClCompile>
    <ClCompile Include="World\GameDataMgr.cpp">
      <Filter>World</Filter>
    </ClCompile>
    <ClCompile Include="World\UpdateFields.cpp">
      <Filter>World</Filter>
    </ClCompile>
    <ClCompile Include="World\Object.cpp">
      <Filter>World</Filter>
    </ClCompile>
    <ClCompile Include="World\Unit.cpp">
      <Filter>World</Filter>
    </ClCompile>
    <ClCompile Include="World\Player.cpp">
      <Filter>World</Filter>
    </ClCompile>
    <ClCompile Include="World\UpdateData.cpp">
      <Filter>World</Filter>
    </ClCompile>
    <ClCompile Include="World\WorldPacketBuilders.cpp">
      <Filter>World</Filter>
    </ClCompile>
    <ClCompile Include="World\GameData.cpp">
      <Filter>World</Filter>
    </ClCompile>
    <ClCompile Include="World\WorldPacketHandlers.cpp">
      <Filter>World</Filter>
    </ClCompile>
    <ClCompile Include="Input\CommandHandler.cpp">
      <Filter>Input</Filter>
    </ClCompile>
    <ClCompile Include="World\QuestTemplate.cpp">
      <Filter>World</Filter>
    </ClCompile>
    <ClCompile Include="Input\Config.cpp">
      <Filter>Input</Filter>
    </ClCompile>
    <ClCompile Include="World\GameObject.cpp">
      <Filter>World</Filter>
    </ClCompile>
    <ClCompile Include="World\SpellCastTargets.cpp">
      <Filter>World</Filter>
    </ClCompile>
    <ClCompile Include="World\SniffedEvents.cpp">
      <Filter>World</Filter>
    </ClCompile>
    <ClCompile Include="World\MovementInfo.cpp">
      <Filter>World</Filter>
    </ClCompile>
    <ClCompile Include="World\MoveSpline.cpp">
      <Filter>World</Filter>
    </ClCompile>
    <ClCompile Include="World\Aura.cpp">
      <Filter>World</Filter>
    </ClCompile>
    <ClCompile Include="World\DynamicObject.cpp">
      <Filter>World</Filter>
    </ClCompile>
    <ClCompile Include="GUI\GUIServer.cpp">
      <Filter>GUI</Filter>
    </ClCompile>
    <ClCompile Include="GUI\GUIFilters.cpp">
      <Filter>GUI</Filter>
    </ClCompile>
    <ClCompile Include="World\ScriptMaker.cpp">
      <Filter>World</Filter>
    </ClCompile>
    <ClCompile Include="World\MovementStructures434.cpp">
      <Filter>World</Filter>
    </ClCompile>
  </ItemGroup>
  <ItemGroup>
    <ClInclude Include="Database\Database.h">
      <Filter>Database</Filter>
    </ClInclude>
    <ClInclude Include="Database\DbField.h">
      <Filter>Database</Filter>
    </ClInclude>
    <ClInclude Include="Database\QueryObjects.h">
      <Filter>Database</Filter>
    </ClInclude>
    <ClInclude Include="Database\QueryResult.h">
      <Filter>Database</Filter>
    </ClInclude>
    <ClInclude Include="Database\SafeQueue.h">
      <Filter>Database</Filter>
    </ClInclude>
    <ClInclude Include="Defines\Common.h">
      <Filter>Defines</Filter>
    </ClInclude>
    <ClInclude Include="Auth\AuthServer.h">
      <Filter>Auth</Filter>
    </ClInclude>
    <ClInclude Include="Defines\Utility.h">
      <Filter>Defines</Filter>
    </ClInclude>
    <ClInclude Include="Auth\AuthDefines.h">
      <Filter>Auth</Filter>
    </ClInclude>
    <ClInclude Include="Crypto\AuthCrypt.h">
      <Filter>Crypto</Filter>
    </ClInclude>
    <ClInclude Include="Crypto\BigNumber.h">
      <Filter>Crypto</Filter>
    </ClInclude>
    <ClInclude Include="Crypto\Hmac.h">
      <Filter>Crypto</Filter>
    </ClInclude>
    <ClInclude Include="Crypto\Sha1.h">
      <Filter>Crypto</Filter>
    </ClInclude>
    <ClInclude Include="Defines\ByteBuffer.h">
      <Filter>Defines</Filter>
    </ClInclude>
    <ClInclude Include="Defines\ByteConverter.h">
      <Filter>Defines</Filter>
    </ClInclude>
    <ClInclude Include="World\WorldServer.h">
      <Filter>World</Filter>
    </ClInclude>
    <ClInclude Include="Defines\WorldPacket.h">
      <Filter>Defines</Filter>
    </ClInclude>
    <ClInclude Include="World\Opcodes.h">
      <Filter>World</Filter>
    </ClInclude>
    <ClInclude Include="Defines\GameAccount.h">
      <Filter>Defines</Filter>
    </ClInclude>
    <ClInclude Include="World\ObjectDefines.h">
      <Filter>World</Filter>
    </ClInclude>
    <ClInclude Include="World\ObjectGuid.h">
      <Filter>World</Filter>
    </ClInclude>
    <ClInclude Include="World\Object.h">
      <Filter>World</Filter>
    </ClInclude>
    <ClInclude Include="World\Unit.h">
      <Filter>World</Filter>
    </ClInclude>
    <ClInclude Include="World\UnitDefines.h">
      <Filter>World</Filter>
    </ClInclude>
    <ClInclude Include="World\Geometry.h">
      <Filter>World</Filter>
    </ClInclude>
    <ClInclude Include="World\Player.h">
      <Filter>World</Filter>
    </ClInclude>
    <ClInclude Include="World\PlayerDefines.h">
      <Filter>World</Filter>
    </ClInclude>
    <ClInclude Include="World\ReplayMgr.h">
      <Filter>World</Filter>
    </ClInclude>
    <ClInclude Include="Defines\Databases.h">
      <Filter>Defines</Filter>
    </ClInclude>
    <ClInclude Include="World\GameDataMgr.h">
      <Filter>World</Filter>
    </ClInclude>
    <ClInclude Include="World\GameDataDefines.h">
      <Filter>World</Filter>
    </ClInclude>
    <ClInclude Include="Defines\ClientVersions.h">
      <Filter>Defines</Filter>
    </ClInclude>
    <ClInclude Include="World\ItemPrototype.h">
      <Filter>World</Filter>
    </ClInclude>
    <ClInclude Include="World\MovementDefines.h">
      <Filter>World</Filter>
    </ClInclude>
    <ClInclude Include="World\UpdateFields.h">
      <Filter>World</Filter>
    </ClInclude>
    <ClInclude Include="World\ClassicDefines.h">
      <Filter>World</Filter>
    </ClInclude>
    <ClInclude Include="World\ChatDefines.h">
      <Filter>World</Filter>
    </ClInclude>
    <ClInclude Include="World\UpdateData.h">
      <Filter>World</Filter>
    </ClInclude>
    <ClInclude Include="World\UpdateMask.h">
      <Filter>World</Filter>
    </ClInclude>
    <ClInclude Include="World\SpellDefines.h">
      <Filter>World</Filter>
    </ClInclude>
    <ClInclude Include="Defines\Console.h">
      <Filter>Defines</Filter>
    </ClInclude>
    <ClInclude Include="Input\CommandHandler.h">
      <Filter>Input</Filter>
    </ClInclude>
    <ClInclude Include="World\QuestTemplate.h">
      <Filter>World</Filter>
    </ClInclude>
    <ClInclude Include="Input\INIReader.h">
      <Filter>Input</Filter>
    </ClInclude>
    <ClInclude Include="Input\Config.h">
      <Filter>Input</Filter>
    </ClInclude>
    <ClInclude Include="World\GameObject.h">
      <Filter>World</Filter>
    </ClInclude>
    <ClInclude Include="World\GameObjectDefines.h">
      <Filter>World</Filter>
    </ClInclude>
    <ClInclude Include="World\SpellCastTargets.h">
      <Filter>World</Filter>
    </ClInclude>
    <ClInclude Include="World\SniffedEvents.h">
      <Filter>World</Filter>
    </ClInclude>
    <ClInclude Include="World\MovementInfo.h">
      <Filter>World</Filter>
    </ClInclude>
    <ClInclude Include="World\MoveSpline.h">
      <Filter>World</Filter>
    </ClInclude>
    <ClInclude Include="World\Aura.h">
      <Filter>World</Filter>
    </ClInclude>
    <ClInclude Include="World\DynamicObject.h">
      <Filter>World</Filter>
    </ClInclude>
    <ClInclude Include="Defines\ResponseCodes.h">
      <Filter>Defines</Filter>
    </ClInclude>
    <ClInclude Include="World\Waypoint.h">
      <Filter>World</Filter>
    </ClInclude>
    <ClInclude Include="World\WaypointData.h">
      <Filter>World</Filter>
    </ClInclude>
    <ClInclude Include="World\VanillaDefines.h">
      <Filter>World</Filter>
    </ClInclude>
    <ClInclude Include="World\TbcDefines.h">
      <Filter>World</Filter>
    </ClInclude>
    <ClInclude Include="World\WotlkDefines.h">
      <Filter>World</Filter>
    </ClInclude>
    <ClInclude Include="GUI\GUIServer.h">
      <Filter>GUI</Filter>
    </ClInclude>
    <ClInclude Include="GUI\GUIOpcodes.h">
      <Filter>GUI</Filter>
    </ClInclude>
    <ClInclude Include="GUI\GUIFilters.h">
      <Filter>GUI</Filter>
    </ClInclude>
    <ClInclude Include="World\ScriptMaker.h">
      <Filter>World</Filter>
    </ClInclude>
    <ClInclude Include="World\ScriptCommands.h">
      <Filter>World</Filter>
    </ClInclude>
    <ClInclude Include="World\MovementStructures434.h">
      <Filter>World</Filter>
    </ClInclude>
  </ItemGroup>
  <ItemGroup>
    <Filter Include="Database">
      <UniqueIdentifier>{774c45f0-01e8-4712-9236-2ef70cb287f9}</UniqueIdentifier>
    </Filter>
    <Filter Include="Defines">
      <UniqueIdentifier>{36f5f2bf-3ee5-4eaa-b3b4-581ef756a46f}</UniqueIdentifier>
    </Filter>
    <Filter Include="Auth">
      <UniqueIdentifier>{d3ad7d25-fd2b-4cfd-ab52-4d443cf74aef}</UniqueIdentifier>
    </Filter>
    <Filter Include="Crypto">
      <UniqueIdentifier>{e920d820-6df0-4315-9c5d-a4cb835036ca}</UniqueIdentifier>
    </Filter>
    <Filter Include="World">
      <UniqueIdentifier>{6a010d4a-05cf-49f3-8fe1-492889bcf217}</UniqueIdentifier>
    </Filter>
    <Filter Include="Input">
      <UniqueIdentifier>{2bb783f0-c9db-4289-881b-4aaa26460276}</UniqueIdentifier>
    </Filter>
    <Filter Include="GUI">
      <UniqueIdentifier>{0bb9b725-b0f7-4746-b000-2342c22a7722}</UniqueIdentifier>
    </Filter>
  </ItemGroup>
</Project>